{
  "name": "action-npm-build-release",
  "version": "1.0.0",
  "lockfileVersion": 2,
  "requires": true,
  "packages": {
    "": {
      "name": "action-npm-build-release",
      "version": "1.0.0",
      "license": "ISC",
      "dependencies": {
        "@actions/core": "^1.8.2"
      }
    },
    "node_modules/@actions/core": {
      "version": "1.8.2",
      "license": "MIT",
      "dependencies": {
        "@actions/http-client": "^2.0.1"
      }
    },
    "node_modules/@actions/http-client": {
      "version": "2.0.1",
      "license": "MIT",
      "dependencies": {
        "tunnel": "^0.0.6"
      }
    },
    "node_modules/tunnel": {
      "version": "0.0.6",
      "license": "MIT",
      "engines": {
        "node": ">=0.6.11 <=0.7.0 || >=0.7.3"
      }
    }
  },
  "dependencies": {
    "@actions/core": {
      "version": "1.8.2",
      "requires": {
        "@actions/http-client": "^2.0.1"
      }
    },
    "@actions/http-client": {
      "version": "2.0.1",
      "requires": {
        "tunnel": "^0.0.6"
      }
    },
    "tunnel": {
      "version": "0.0.6"
    }
  }
}
